
Microsoft Visual Studio Solution File, Format Version 12.00
# Visual Studio Version 17
VisualStudioVersion = 17.0.32112.339
MinimumVisualStudioVersion = 10.0.40219.1
Project("{FAE04EC0-301F-11D3-BF4B-00C04F79EFBC}") = "DormAndMealPlanCalculator", "DormAndMealPlanCalculator\DormAndMealPlanCalculator.csproj", "{77F1F678-BA9A-4054-A024-1A0CD3D39148}"
EndProject
Global
	GlobalSection(SolutionConfigurationPlatforms) = preSolution
		Debug|Any CPU = Debug|Any CPU
		Release|Any CPU = Release|Any CPU
	EndGlobalSection
	GlobalSection(ProjectConfigurationPlatforms) = postSolution
		{77F1F678-BA9A-4054-A024-1A0CD3D39148}.Debug|Any CPU.ActiveCfg = Debug|Any CPU
		{77F1F678-BA9A-4054-A024-1A0CD3D39148}.Debug|Any CPU.Build.0 = Debug|Any CPU
		{77F1F678-BA9A-4054-A024-1A0CD3D39148}.Release|Any CPU.ActiveCfg = Release|Any CPU
		{77F1F678-BA9A-4054-A024-1A0CD3D39148}.Release|Any CPU.Build.0 = Release|Any CPU
	EndGlobalSection
	GlobalSection(SolutionProperties) = preSolution
		HideSolutionNode = FALSE
	EndGlobalSection
	GlobalSection(ExtensibilityGlobals) = postSolution
		SolutionGuid = {3417F27C-E415-4C4D-B9ED-9FE641D23F41}
	EndGlobalSection
EndGlobal
